
Microsoft Visual Studio Solution File, Format Version 12.00
# Visual Studio 15
VisualStudioVersion = 15.0.28307.1209
MinimumVisualStudioVersion = 10.0.40219.1
Project("{8BC9CEB8-8B4A-11D0-8D11-00A0C91BC942}") = "LabProject08-0-2", "LabProject08-0-2.vcxproj", "{8588F364-7FE8-401F-AF4D-60DA464F0998}"
EndProject
Global
	GlobalSection(SolutionConfigurationPlatforms) = preSolution
		Debug|x64 = Debug|x64
		Debug|x86 = Debug|x86
		Release|x64 = Release|x64
		Release|x86 = Release|x86
	EndGlobalSection
	GlobalSection(ProjectConfigurationPlatforms) = postSolution
		{8588F364-7FE8-401F-AF4D-60DA464F0998}.Debug|x64.ActiveCfg = Debug|x64
		{8588F364-7FE8-401F-AF4D-60DA464F0998}.Debug|x64.Build.0 = Debug|x64
		{8588F364-7FE8-401F-AF4D-60DA464F0998}.Debug|x86.ActiveCfg = Debug|Win32
		{8588F364-7FE8-401F-AF4D-60DA464F0998}.Debug|x86.Build.0 = Debug|Win32
		{8588F364-7FE8-401F-AF4D-60DA464F0998}.Release|x64.ActiveCfg = Release|x64
		{8588F364-7FE8-401F-AF4D-60DA464F0998}.Release|x64.Build.0 = Release|x64
		{8588F364-7FE8-401F-AF4D-60DA464F0998}.Release|x86.ActiveCfg = Release|Win32
		{8588F364-7FE8-401F-AF4D-60DA464F0998}.Release|x86.Build.0 = Release|Win32
	EndGlobalSection
	GlobalSection(SolutionProperties) = preSolution
		HideSolutionNode = FALSE
	EndGlobalSection
	GlobalSection(ExtensibilityGlobals) = postSolution
		SolutionGuid = {66D8F60D-E463-451F-9F76-69F714A384C3}
	EndGlobalSection
EndGlobal
